
Microsoft Visual Studio Solution File, Format Version 12.00
# Visual Studio Version 17
VisualStudioVersion = 17.4.33205.214
MinimumVisualStudioVersion = 10.0.40219.1
Project("{FAE04EC0-301F-11D3-BF4B-00C04F79EFBC}") = "Lenodan", "Lenodan\Lenodan.csproj", "{8A769538-38CE-4EAF-8D4C-96210C7D6E0E}"
EndProject
Global
	GlobalSection(SolutionConfigurationPlatforms) = preSolution
		Debug|Any CPU = Debug|Any CPU
		Release|Any CPU = Release|Any CPU
	EndGlobalSection
	GlobalSection(ProjectConfigurationPlatforms) = postSolution
		{8A769538-38CE-4EAF-8D4C-96210C7D6E0E}.Debug|Any CPU.ActiveCfg = Debug|Any CPU
		{8A769538-38CE-4EAF-8D4C-96210C7D6E0E}.Debug|Any CPU.Build.0 = Debug|Any CPU
		{8A769538-38CE-4EAF-8D4C-96210C7D6E0E}.Release|Any CPU.ActiveCfg = Release|Any CPU
		{8A769538-38CE-4EAF-8D4C-96210C7D6E0E}.Release|Any CPU.Build.0 = Release|Any CPU
	EndGlobalSection
	GlobalSection(SolutionProperties) = preSolution
		HideSolutionNode = FALSE
	EndGlobalSection
	GlobalSection(ExtensibilityGlobals) = postSolution
		SolutionGuid = {37B7D5AB-ABEE-418C-8B36-AA93D2B722EF}
	EndGlobalSection
EndGlobal
